
Microsoft Visual Studio Solution File, Format Version 12.00
# Visual Studio Version 16
VisualStudioVersion = 16.0.30907.101
MinimumVisualStudioVersion = 10.0.40219.1
Project("{2150E333-8FDC-42A3-9474-1A3956D46DE8}") = "Pipelines", "Pipelines", "{AA26B520-FA79-453A-BA35-82737C834435}"
	ProjectSection(SolutionItems) = preProject
		Pipelines\Base-Steps.yml = Pipelines\Base-Steps.yml
		Pipelines\Develop-PR.yml = Pipelines\Develop-PR.yml
		Pipelines\Develop-Publish.yml = Pipelines\Develop-Publish.yml
		Pipelines\Master-PR.yml = Pipelines\Master-PR.yml
		Pipelines\Master-Publish.yml = Pipelines\Master-Publish.yml
	EndProjectSection
EndProject
Project("{2150E333-8FDC-42A3-9474-1A3956D46DE8}") = "src", "src", "{9AC7798F-77E0-4E84-8DCD-428F40D3AE70}"
EndProject
Project("{2150E333-8FDC-42A3-9474-1A3956D46DE8}") = "Tests", "Tests", "{80D50933-1656-4686-A6CB-ED5A19BCE6BB}"
EndProject
Project("{9A19103F-16F7-4668-BE54-9A1E7A4F7556}") = "Net.Arcanastudio.Bit4You.Model", "src\Net.Arcanastudio.Bit4You.Net.Model\Net.Arcanastudio.Bit4You.Model.csproj", "{76146456-2EC7-4525-B65C-143852D8B6F7}"
EndProject
Project("{9A19103F-16F7-4668-BE54-9A1E7A4F7556}") = "Net.Arcanastudio.Bit4You", "src\Net.Arcanastudio.Bit4You\Net.Arcanastudio.Bit4You.csproj", "{C3844124-E9C9-4CD0-A44D-4C6F200CFAE1}"
EndProject
Project("{2150E333-8FDC-42A3-9474-1A3956D46DE8}") = "Solution Items", "Solution Items", "{FFCB4C62-4911-45FD-BA00-C68C0A11FA73}"
	ProjectSection(SolutionItems) = preProject
		LICENSE = LICENSE
		README.md = README.md
	EndProjectSection
EndProject
Project("{9A19103F-16F7-4668-BE54-9A1E7A4F7556}") = "Net.Arcanastudio.Bit4You.Tests", "src\Tests\Net.Arcanastudio.Bit4You.Service.Tests\Net.Arcanastudio.Bit4You.Tests.csproj", "{BDE0C449-C054-4655-A614-F78B7F222967}"
EndProject
Global
	GlobalSection(SolutionConfigurationPlatforms) = preSolution
		Debug|Any CPU = Debug|Any CPU
		Release|Any CPU = Release|Any CPU
	EndGlobalSection
	GlobalSection(ProjectConfigurationPlatforms) = postSolution
		{76146456-2EC7-4525-B65C-143852D8B6F7}.Debug|Any CPU.ActiveCfg = Debug|Any CPU
		{76146456-2EC7-4525-B65C-143852D8B6F7}.Debug|Any CPU.Build.0 = Debug|Any CPU
		{76146456-2EC7-4525-B65C-143852D8B6F7}.Release|Any CPU.ActiveCfg = Release|Any CPU
		{76146456-2EC7-4525-B65C-143852D8B6F7}.Release|Any CPU.Build.0 = Release|Any CPU
		{C3844124-E9C9-4CD0-A44D-4C6F200CFAE1}.Debug|Any CPU.ActiveCfg = Debug|Any CPU
		{C3844124-E9C9-4CD0-A44D-4C6F200CFAE1}.Debug|Any CPU.Build.0 = Debug|Any CPU
		{C3844124-E9C9-4CD0-A44D-4C6F200CFAE1}.Release|Any CPU.ActiveCfg = Release|Any CPU
		{C3844124-E9C9-4CD0-A44D-4C6F200CFAE1}.Release|Any CPU.Build.0 = Release|Any CPU
		{BDE0C449-C054-4655-A614-F78B7F222967}.Debug|Any CPU.ActiveCfg = Debug|Any CPU
		{BDE0C449-C054-4655-A614-F78B7F222967}.Debug|Any CPU.Build.0 = Debug|Any CPU
		{BDE0C449-C054-4655-A614-F78B7F222967}.Release|Any CPU.ActiveCfg = Release|Any CPU
		{BDE0C449-C054-4655-A614-F78B7F222967}.Release|Any CPU.Build.0 = Release|Any CPU
	EndGlobalSection
	GlobalSection(SolutionProperties) = preSolution
		HideSolutionNode = FALSE
	EndGlobalSection
	GlobalSection(NestedProjects) = preSolution
		{AA26B520-FA79-453A-BA35-82737C834435} = {FFCB4C62-4911-45FD-BA00-C68C0A11FA73}
		{80D50933-1656-4686-A6CB-ED5A19BCE6BB} = {9AC7798F-77E0-4E84-8DCD-428F40D3AE70}
		{76146456-2EC7-4525-B65C-143852D8B6F7} = {9AC7798F-77E0-4E84-8DCD-428F40D3AE70}
		{C3844124-E9C9-4CD0-A44D-4C6F200CFAE1} = {9AC7798F-77E0-4E84-8DCD-428F40D3AE70}
		{BDE0C449-C054-4655-A614-F78B7F222967} = {80D50933-1656-4686-A6CB-ED5A19BCE6BB}
	EndGlobalSection
	GlobalSection(ExtensibilityGlobals) = postSolution
		SolutionGuid = {31095FEE-E368-4D57-BF83-81F34C63F8BC}
	EndGlobalSection
EndGlobal
